PODS:
  - Flutter (1.0.0)
  - notifications_enabled (0.0.1):
    - Flutter

DEPENDENCIES:
  - Flutter (from `Flutter`)
  - notifications_enabled (from `.symlinks/plugins/notifications_enabled/ios`)

EXTERNAL SOURCES:
  Flutter:
    :path: Flutter
  notifications_enabled:
    :path: ".symlinks/plugins/notifications_enabled/ios"

SPEC CHECKSUMS:
  Flutter: 0e3d915762c693b495b44d77113d4970485de6ec
  notifications_enabled: ce7cf139beb67192cdde864ce5a08a25f80309d1

PODFILE CHECKSUM: f42fa49cdc7143f680653cf40c5c794811f22c46

COCOAPODS: 1.9.3
